// !$*UTF8*$!
{
	archiveVersion = 1;
	classes = {
	};
	objectVersion = 46;
	objects = {

/* Begin PBXBuildFile section */
		CED363FA1C72734E0078ACE7 /* AppDelegate.swift in Sources */ = {isa = PBXBuildFile; fileRef = CED363F91C72734E0078ACE7 /* AppDelegate.swift */; };
		CED363FC1C72734E0078ACE7 /* ViewController.swift in Sources */ = {isa = PBXBuildFile; fileRef = CED363FB1C72734E0078ACE7 /* ViewController.swift */; };
		CED363FF1C72734E0078ACE7 /* Main.storyboard in Resources */ = {isa = PBXBuildFile; fileRef = CED363FD1C72734E0078ACE7 /* Main.storyboard */; };
		CED364011C72734E0078ACE7 /* Assets.xcassets in Resources */ = {isa = PBXBuildFile; fileRef = CED364001C72734E0078ACE7 /* Assets.xcassets */; };
		CED364041C72734E0078ACE7 /* LaunchScreen.storyboard in Resources */ = {isa = PBXBuildFile; fileRef = CED364021C72734E0078ACE7 /* LaunchScreen.storyboard */; };
		CED3640C1C72736A0078ACE7 /* Settings.bundle in Resources */ = {isa = PBXBuildFile; fileRef = CED3640B1C72736A0078ACE7 /* Settings.bundle */; };
/* End PBXBuildFile section */

/* Begin PBXFileReference section */
		CED363F61C72734E0078ACE7 /* LinkMe.app */ = {isa = PBXFileReference; explicitFileType = wrapper.application; includeInIndex = 0; path = LinkMe.app; sourceTree = BUILT_PRODUCTS_DIR; };
		CED363F91C72734E0078ACE7 /* AppDelegate.swift */ = {isa = PBXFileReference; lastKnownFileType = sourcecode.swift; path = AppDelegate.swift; sourceTree = "<group>"; };
		CED363FB1C72734E0078ACE7 /* ViewController.swift */ = {isa = PBXFileReference; lastKnownFileType = sourcecode.swift; path = ViewController.swift; sourceTree = "<group>"; };
		CED363FE1C72734E0078ACE7 /* Base */ = {isa = PBXFileReference; lastKnownFileType = file.storyboard; name = Base; path = Base.lproj/Main.storyboard; sourceTree = "<group>"; };
		CED364001C72734E0078ACE7 /* Assets.xcassets */ = {isa = PBXFileReference; lastKnownFileType = folder.assetcatalog; path = Assets.xcassets; sourceTree = "<group>"; };
		CED364031C72734E0078ACE7 /* Base */ = {isa = PBXFileReference; lastKnownFileType = file.storyboard; name = Base; path = Base.lproj/LaunchScreen.storyboard; sourceTree = "<group>"; };
		CED364051C72734E0078ACE7 /* Info.plist */ = {isa = PBXFileReference; lastKnownFileType = text.plist.xml; path = Info.plist; sourceTree = "<group>"; };
		CED3640B1C72736A0078ACE7 /* Settings.bundle */ = {isa = PBXFileReference; lastKnownFileType = "wrapper.plug-in"; path = Settings.bundle; sourceTree = "<group>"; };
/* End PBXFileReference section */

/* Begin PBXFrameworksBuildPhase section */
		CED363F31C72734E0078ACE7 /* Frameworks */ = {
			isa = PBXFrameworksBuildPhase;
			buildActionMask = 2147483647;
			files = (
			);
			runOnlyForDeploymentPostprocessing = 0;
		};
/* End PBXFrameworksBuildPhase section */

/* Begin PBXGroup section */
		CED363ED1C72734E0078ACE7 = {
			isa = PBXGroup;
			children = (
				CED363F81C72734E0078ACE7 /* LinkMe */,
				CED363F71C72734E0078ACE7 /* Products */,
			);
			sourceTree = "<group>";
		};
		CED363F71C72734E0078ACE7 /* Products */ = {
			isa = PBXGroup;
			children = (
				CED363F61C72734E0078ACE7 /* LinkMe.app */,
			);
			name = Products;
			sourceTree = "<group>";
		};
		CED363F81C72734E0078ACE7 /* LinkMe */ = {
			isa = PBXGroup;
			children = (
				CED363F91C72734E0078ACE7 /* AppDelegate.swift */,
				CED363FB1C72734E0078ACE7 /* ViewController.swift */,
				CED3640B1C72736A0078ACE7 /* Settings.bundle */,
				CED363FD1C72734E0078ACE7 /* Main.storyboard */,
				CED364001C72734E0078ACE7 /* Assets.xcassets */,
				CED364021C72734E0078ACE7 /* LaunchScreen.storyboard */,
				CED364051C72734E0078ACE7 /* Info.plist */,
			);
			path = LinkMe;
			sourceTree = "<group>";
		};
/* End PBXGroup section */

/* Begin PBXNativeTarget section */
		CED363F51C72734E0078ACE7 /* LinkMe */ = {
			isa = PBXNativeTarget;
			buildConfigurationList = CED364081C72734E0078ACE7 /* Build configuration list for PBXNativeTarget "LinkMe" */;
			buildPhases = (
				CED363F21C72734E0078ACE7 /* Sources */,
				CED363F31C72734E0078ACE7 /* Frameworks */,
				CED363F41C72734E0078ACE7 /* Resources */,
			);
			buildRules = (
			);
			dependencies = (
			);
			name = LinkMe;
			productName = LinkMe;
			productReference = CED363F61C72734E0078ACE7 /* LinkMe.app */;
			productType = "com.apple.product-type.application";
		};
/* End PBXNativeTarget section */

/* Begin PBXProject section */
		CED363EE1C72734E0078ACE7 /* Project object */ = {
			isa = PBXProject;
			attributes = {
				LastSwiftUpdateCheck = 0720;
				LastUpgradeCheck = 0720;
				ORGANIZATIONNAME = "Swift Tuto";
				TargetAttributes = {
					CED363F51C72734E0078ACE7 = {
						CreatedOnToolsVersion = 7.2.1;
					};
				};
			};
			buildConfigurationList = CED363F11C72734E0078ACE7 /* Build configuration list for PBXProject "LinkMe" */;
			compatibilityVersion = "Xcode 3.2";
			developmentRegion = English;
			hasScannedForEncodings = 0;
			knownRegions = (
				en,
				Base,
			);
			mainGroup = CED363ED1C72734E0078ACE7;
			productRefGroup = CED363F71C72734E0078ACE7 /* Products */;
			projectDirPath = "";
			projectRoot = "";
			targets = (
				CED363F51C72734E0078ACE7 /* LinkMe */,
			);
		};
/* End PBXProject section */

/* Begin PBXResourcesBuildPhase section */
		CED363F41C72734E0078ACE7 /* Resources */ = {
			isa = PBXResourcesBuildPhase;
			buildActionMask = 2147483647;
			files = (
				CED3640C1C72736A0078ACE7 /* Settings.bundle in Resources */,
				CED364041C72734E0078ACE7 /* LaunchScreen.storyboard in Resources */,
				CED364011C72734E0078ACE7 /* Assets.xcassets in Resources */,
				CED363FF1C72734E0078ACE7 /* Main.storyboard in Resources */,
			);
			runOnlyForDeploymentPostprocessing = 0;
		};
/* End PBXResourcesBuildPhase section */

/* Begin PBXSourcesBuildPhase section */
		CED363F21C72734E0078ACE7 /* Sources */ = {
			isa = PBXSourcesBuildPhase;
			buildActionMask = 2147483647;
			files = (
				CED363FC1C72734E0078ACE7 /* ViewController.swift in Sources */,
				CED363FA1C72734E0078ACE7 /* AppDelegate.swift in Sources */,
			);
			runOnlyForDeploymentPostprocessing = 0;
		};
/* End PBXSourcesBuildPhase section */

/* Begin PBXVariantGroup section */
		CED363FD1C72734E0078ACE7 /* Main.storyboard */ = {
			isa = PBXVariantGroup;
			children = (
				CED363FE1C72734E0078ACE7 /* Base */,
			);
			name = Main.storyboard;
			sourceTree = "<group>";
		};
		CED364021C72734E0078ACE7 /* LaunchScreen.storyboard */ = {
			isa = PBXVariantGroup;
			children = (
				CED364031C72734E0078ACE7 /* Base */,
			);
			name = LaunchScreen.storyboard;
			sourceTree = "<group>";
		};
/* End PBXVariantGroup section */

/* Begin XCBuildConfiguration section */
		CED364061C72734E0078ACE7 /* Debug */ = {
			isa = XCBuildConfiguration;
			buildSettings = {
				ALWAYS_SEARCH_USER_PATHS = NO;
				CLANG_CXX_LANGUAGE_STANDARD = "gnu++0x";
				CLANG_CXX_LIBRARY = "libc++";
				CLANG_ENABLE_MODULES = YES;
				CLANG_ENABLE_OBJC_ARC = YES;
				CLANG_WARN_BOOL_CONVERSION = YES;
				CLANG_WARN_CONSTANT_CONVERSION = YES;
				CLANG_WARN_DIRECT_OBJC_ISA_USAGE = YES_ERROR;
				CLANG_WARN_EMPTY_BODY = YES;
				CLANG_WARN_ENUM_CONVERSION = YES;
				CLANG_WARN_INT_CONVERSION = YES;
				CLANG_WARN_OBJC_ROOT_CLASS = YES_ERROR;
				CLANG_WARN_UNREACHABLE_CODE = YES;
				CLANG_WARN__DUPLICATE_METHOD_MATCH = YES;
				"CODE_SIGN_IDENTITY[sdk=iphoneos*]" = "iPhone Developer";
				COPY_PHASE_STRIP = NO;
				DEBUG_INFORMATION_FORMAT = dwarf;
				ENABLE_STRICT_OBJC_MSGSEND = YES;
				ENABLE_TESTABILITY = YES;
				GCC_C_LANGUAGE_STANDARD = gnu99;
				GCC_DYNAMIC_NO_PIC = NO;
				GCC_NO_COMMON_BLOCKS = YES;
				GCC_OPTIMIZATION_LEVEL = 0;
				GCC_PREPROCESSOR_DEFINITIONS = (
					"DEBUG=1",
					"$(inherited)",
				);
				GCC_WARN_64_TO_32_BIT_CONVERSION = YES;
				GCC_WARN_ABOUT_RETURN_TYPE = YES_ERROR;
				GCC_WARN_UNDECLARED_SELECTOR = YES;
				GCC_WARN_UNINITIALIZED_AUTOS = YES_AGGRESSIVE;
				GCC_WARN_UNUSED_FUNCTION = YES;
				GCC_WARN_UNUSED_VARIABLE = YES;
				IPHONEOS_DEPLOYMENT_TARGET = 9.2;
				MTL_ENABLE_DEBUG_INFO = YES;
				ONLY_ACTIVE_ARCH = YES;
				SDKROOT = iphoneos;
				SWIFT_OPTIMIZATION_LEVEL = "-Onone";
				TARGETED_DEVICE_FAMILY = "1,2";
			};
			name = Debug;
		};
		CED364071C72734E0078ACE7 /* Release */ = {
			isa = XCBuildConfiguration;
			buildSettings = {
				ALWAYS_SEARCH_USER_PATHS = NO;
				CLANG_CXX_LANGUAGE_STANDARD = "gnu++0x";
				CLANG_CXX_LIBRARY = "libc++";
				CLANG_ENABLE_MODULES = YES;
				CLANG_ENABLE_OBJC_ARC = YES;
				CLANG_WARN_BOOL_CONVERSION = YES;
				CLANG_WARN_CONSTANT_CONVERSION = YES;
				CLANG_WARN_DIRECT_OBJC_ISA_USAGE = YES_ERROR;
				CLANG_WARN_EMPTY_BODY = YES;
				CLANG_WARN_ENUM_CONVERSION = YES;
				CLANG_WARN_INT_CONVERSION = YES;
				CLANG_WARN_OBJC_ROOT_CLASS = YES_ERROR;
				CLANG_WARN_UNREACHABLE_CODE = YES;
				CLANG_WARN__DUPLICATE_METHOD_MATCH = YES;
				"CODE_SIGN_IDENTITY[sdk=iphoneos*]" = "iPhone Developer";
				COPY_PHASE_STRIP = NO;
				DEBUG_INFORMATION_FORMAT = "dwarf-with-dsym";
				ENABLE_NS_ASSERTIONS = NO;
				ENABLE_STRICT_OBJC_MSGSEND = YES;
				GCC_C_LANGUAGE_STANDARD = gnu99;
				GCC_NO_COMMON_BLOCKS = YES;
				GCC_WARN_64_TO_32_BIT_CONVERSION = YES;
				GCC_WARN_ABOUT_RETURN_TYPE = YES_ERROR;
				GCC_WARN_UNDECLARED_SELECTOR = YES;
				GCC_WARN_UNINITIALIZED_AUTOS = YES_AGGRESSIVE;
				GCC_WARN_UNUSED_FUNCTION = YES;
				GCC_WARN_UNUSED_VARIABLE = YES;
				IPHONEOS_DEPLOYMENT_TARGET = 9.2;
				MTL_ENABLE_DEBUG_INFO = NO;
				SDKROOT = iphoneos;
				TARGETED_DEVICE_FAMILY = "1,2";
				VALIDATE_PRODUCT = YES;
			};
			name = Release;
		};
		CED364091C72734E0078ACE7 /* Debug */ = {
			isa = XCBuildConfiguration;
			buildSettings = {
				ASSETCATALOG_COMPILER_APPICON_NAME = AppIcon;
				INFOPLIST_FILE = LinkMe/Info.plist;
				LD_RUNPATH_SEARCH_PATHS = "$(inherited) @executable_path/Frameworks";
				PRODUCT_BUNDLE_IDENTIFIER = "fr.swift-tuto.LinkMe";
				PRODUCT_NAME = "$(TARGET_NAME)";
			};
			name = Debug;
		};
		CED3640A1C72734E0078ACE7 /* Release */ = {
			isa = XCBuildConfiguration;
			buildSettings = {
				ASSETCATALOG_COMPILER_APPICON_NAME = AppIcon;
				INFOPLIST_FILE = LinkMe/Info.plist;
				LD_RUNPATH_SEARCH_PATHS = "$(inherited) @executable_path/Frameworks";
				PRODUCT_BUNDLE_IDENTIFIER = "fr.swift-tuto.LinkMe";
				PRODUCT_NAME = "$(TARGET_NAME)";
			};
			name = Release;
		};
/* End XCBuildConfiguration section */

/* Begin XCConfigurationList section */
		CED363F11C72734E0078ACE7 /* Build configuration list for PBXProject "LinkMe" */ = {
			isa = XCConfigurationList;
			buildConfigurations = (
				CED364061C72734E0078ACE7 /* Debug */,
				CED364071C72734E0078ACE7 /* Release */,
			);
			defaultConfigurationIsVisible = 0;
			defaultConfigurationName = Release;
		};
		CED364081C72734E0078ACE7 /* Build configuration list for PBXNativeTarget "LinkMe" */ = {
			isa = XCConfigurationList;
			buildConfigurations = (
				CED364091C72734E0078ACE7 /* Debug */,
				CED3640A1C72734E0078ACE7 /* Release */,
			);
			defaultConfigurationIsVisible = 0;
		};
/* End XCConfigurationList section */
	};
	rootObject = CED363EE1C72734E0078ACE7 /* Project object */;
}
